
Microsoft Visual Studio Solution File, Format Version 12.00
# Visual Studio Version 17
VisualStudioVersion = 17.1.32228.430
MinimumVisualStudioVersion = 10.0.40219.1
Project("{FAE04EC0-301F-11D3-BF4B-00C04F79EFBC}") = "ProjApiDapper26042023", "ProjApiDapper26042023\ProjApiDapper26042023.csproj", "{59FC4D2A-88E2-4313-9687-5A446594B84B}"
EndProject
Project("{FAE04EC0-301F-11D3-BF4B-00C04F79EFBC}") = "ProjApiDapper26042023.Models", "ProjApiDapper26042023.Models\ProjApiDapper26042023.Models.csproj", "{BA290040-1758-4E04-9850-FAE51A0907EE}"
EndProject
Project("{FAE04EC0-301F-11D3-BF4B-00C04F79EFBC}") = "ProjApiDapper26042023.Repositories", "ProjApiDapper26042023.Repository\ProjApiDapper26042023.Repositories.csproj", "{24313170-0094-4C3A-BBF3-C6004271E836}"
EndProject
Project("{FAE04EC0-301F-11D3-BF4B-00C04F79EFBC}") = "ProjApiDapper26042023.Services", "ProjApiDapper26042023.Services\ProjApiDapper26042023.Services.csproj", "{ECF55708-BF0B-4664-8888-641FA33EB02F}"
EndProject
Global
	GlobalSection(SolutionConfigurationPlatforms) = preSolution
		Debug|Any CPU = Debug|Any CPU
		Release|Any CPU = Release|Any CPU
	EndGlobalSection
	GlobalSection(ProjectConfigurationPlatforms) = postSolution
		{59FC4D2A-88E2-4313-9687-5A446594B84B}.Debug|Any CPU.ActiveCfg = Debug|Any CPU
		{59FC4D2A-88E2-4313-9687-5A446594B84B}.Debug|Any CPU.Build.0 = Debug|Any CPU
		{59FC4D2A-88E2-4313-9687-5A446594B84B}.Release|Any CPU.ActiveCfg = Release|Any CPU
		{59FC4D2A-88E2-4313-9687-5A446594B84B}.Release|Any CPU.Build.0 = Release|Any CPU
		{BA290040-1758-4E04-9850-FAE51A0907EE}.Debug|Any CPU.ActiveCfg = Debug|Any CPU
		{BA290040-1758-4E04-9850-FAE51A0907EE}.Debug|Any CPU.Build.0 = Debug|Any CPU
		{BA290040-1758-4E04-9850-FAE51A0907EE}.Release|Any CPU.ActiveCfg = Release|Any CPU
		{BA290040-1758-4E04-9850-FAE51A0907EE}.Release|Any CPU.Build.0 = Release|Any CPU
		{24313170-0094-4C3A-BBF3-C6004271E836}.Debug|Any CPU.ActiveCfg = Debug|Any CPU
		{24313170-0094-4C3A-BBF3-C6004271E836}.Debug|Any CPU.Build.0 = Debug|Any CPU
		{24313170-0094-4C3A-BBF3-C6004271E836}.Release|Any CPU.ActiveCfg = Release|Any CPU
		{24313170-0094-4C3A-BBF3-C6004271E836}.Release|Any CPU.Build.0 = Release|Any CPU
		{ECF55708-BF0B-4664-8888-641FA33EB02F}.Debug|Any CPU.ActiveCfg = Debug|Any CPU
		{ECF55708-BF0B-4664-8888-641FA33EB02F}.Debug|Any CPU.Build.0 = Debug|Any CPU
		{ECF55708-BF0B-4664-8888-641FA33EB02F}.Release|Any CPU.ActiveCfg = Release|Any CPU
		{ECF55708-BF0B-4664-8888-641FA33EB02F}.Release|Any CPU.Build.0 = Release|Any CPU
	EndGlobalSection
	GlobalSection(SolutionProperties) = preSolution
		HideSolutionNode = FALSE
	EndGlobalSection
	GlobalSection(ExtensibilityGlobals) = postSolution
		SolutionGuid = {917DB578-184F-4BF8-BD94-D85CDEBB45BF}
	EndGlobalSection
EndGlobal
